
Microsoft Visual Studio Solution File, Format Version 12.00
# Visual Studio Version 17
VisualStudioVersion = 17.0.31903.59
MinimumVisualStudioVersion = 10.0.40219.1
Project("{FAE04EC0-301F-11D3-BF4B-00C04F79EFBC}") = "BlazorApp", "BlazorApp\BlazorApp.csproj", "{41258FFD-18EB-438D-BA80-F566AB66C035}"
EndProject
Project("{FAE04EC0-301F-11D3-BF4B-00C04F79EFBC}") = "ClassLibrary", "ClassLibrary\ClassLibrary.csproj", "{7B6CD94A-876E-4FFD-9BC3-24C0BF3AEED0}"
EndProject
Global
	GlobalSection(SolutionConfigurationPlatforms) = preSolution
		Debug|Any CPU = Debug|Any CPU
		Release|Any CPU = Release|Any CPU
	EndGlobalSection
	GlobalSection(SolutionProperties) = preSolution
		HideSolutionNode = FALSE
	EndGlobalSection
	GlobalSection(ProjectConfigurationPlatforms) = postSolution
		{41258FFD-18EB-438D-BA80-F566AB66C035}.Debug|Any CPU.ActiveCfg = Debug|Any CPU
		{41258FFD-18EB-438D-BA80-F566AB66C035}.Debug|Any CPU.Build.0 = Debug|Any CPU
		{41258FFD-18EB-438D-BA80-F566AB66C035}.Release|Any CPU.ActiveCfg = Release|Any CPU
		{41258FFD-18EB-438D-BA80-F566AB66C035}.Release|Any CPU.Build.0 = Release|Any CPU
		{7B6CD94A-876E-4FFD-9BC3-24C0BF3AEED0}.Debug|Any CPU.ActiveCfg = Debug|Any CPU
		{7B6CD94A-876E-4FFD-9BC3-24C0BF3AEED0}.Debug|Any CPU.Build.0 = Debug|Any CPU
		{7B6CD94A-876E-4FFD-9BC3-24C0BF3AEED0}.Release|Any CPU.ActiveCfg = Release|Any CPU
		{7B6CD94A-876E-4FFD-9BC3-24C0BF3AEED0}.Release|Any CPU.Build.0 = Release|Any CPU
	EndGlobalSection
EndGlobal
