
Microsoft Visual Studio Solution File, Format Version 12.00
# Visual Studio Version 17
VisualStudioVersion = 17.0.31903.59
MinimumVisualStudioVersion = 10.0.40219.1
Project("{FAE04EC0-301F-11D3-BF4B-00C04F79EFBC}") = "BlazorApp", "BlazorApp\BlazorApp.csproj", "{FA949945-41E3-4009-AC26-4D348135ABEA}"
EndProject
Project("{FAE04EC0-301F-11D3-BF4B-00C04F79EFBC}") = "ClassLibrary", "ClassLibrary\ClassLibrary.csproj", "{CAF20016-95D5-4EA6-B845-75E33D287245}"
EndProject
Global
	GlobalSection(SolutionConfigurationPlatforms) = preSolution
		Debug|Any CPU = Debug|Any CPU
		Release|Any CPU = Release|Any CPU
	EndGlobalSection
	GlobalSection(SolutionProperties) = preSolution
		HideSolutionNode = FALSE
	EndGlobalSection
	GlobalSection(ProjectConfigurationPlatforms) = postSolution
		{FA949945-41E3-4009-AC26-4D348135ABEA}.Debug|Any CPU.ActiveCfg = Debug|Any CPU
		{FA949945-41E3-4009-AC26-4D348135ABEA}.Debug|Any CPU.Build.0 = Debug|Any CPU
		{FA949945-41E3-4009-AC26-4D348135ABEA}.Release|Any CPU.ActiveCfg = Release|Any CPU
		{FA949945-41E3-4009-AC26-4D348135ABEA}.Release|Any CPU.Build.0 = Release|Any CPU
		{CAF20016-95D5-4EA6-B845-75E33D287245}.Debug|Any CPU.ActiveCfg = Debug|Any CPU
		{CAF20016-95D5-4EA6-B845-75E33D287245}.Debug|Any CPU.Build.0 = Debug|Any CPU
		{CAF20016-95D5-4EA6-B845-75E33D287245}.Release|Any CPU.ActiveCfg = Release|Any CPU
		{CAF20016-95D5-4EA6-B845-75E33D287245}.Release|Any CPU.Build.0 = Release|Any CPU
	EndGlobalSection
EndGlobal
